
Microsoft Visual Studio Solution File, Format Version 12.00
# Visual Studio Version 17
VisualStudioVersion = 17.10.34928.147
MinimumVisualStudioVersion = 10.0.40219.1
Project("{9A19103F-16F7-4668-BE54-9A1E7A4F7556}") = "School.api", "School\School.api.csproj", "{5E717386-A1F1-4764-91E6-D4413C5334F0}"
EndProject
Project("{FAE04EC0-301F-11D3-BF4B-00C04F79EFBC}") = "School.Data", "School.Data\School.Data.csproj", "{487DA027-5F2B-4433-9AD4-4A65F5053AEE}"
EndProject
Project("{FAE04EC0-301F-11D3-BF4B-00C04F79EFBC}") = "School.infrastructure", "School.infrastructure\School.infrastructure.csproj", "{2FDD3611-6B4A-4932-97A3-A1EC6ECC5956}"
EndProject
Project("{FAE04EC0-301F-11D3-BF4B-00C04F79EFBC}") = "School.Services", "School.Services\School.Services.csproj", "{D7264980-596C-4923-AE61-D76A359AD1CD}"
EndProject
Project("{FAE04EC0-301F-11D3-BF4B-00C04F79EFBC}") = "School.Core", "School.Core\School.Core.csproj", "{7DD2F60D-15A1-4551-AC17-24A650FEE855}"
EndProject
Global
	GlobalSection(SolutionConfigurationPlatforms) = preSolution
		Debug|Any CPU = Debug|Any CPU
		Release|Any CPU = Release|Any CPU
	EndGlobalSection
	GlobalSection(ProjectConfigurationPlatforms) = postSolution
		{5E717386-A1F1-4764-91E6-D4413C5334F0}.Debug|Any CPU.ActiveCfg = Debug|Any CPU
		{5E717386-A1F1-4764-91E6-D4413C5334F0}.Debug|Any CPU.Build.0 = Debug|Any CPU
		{5E717386-A1F1-4764-91E6-D4413C5334F0}.Release|Any CPU.ActiveCfg = Release|Any CPU
		{5E717386-A1F1-4764-91E6-D4413C5334F0}.Release|Any CPU.Build.0 = Release|Any CPU
		{487DA027-5F2B-4433-9AD4-4A65F5053AEE}.Debug|Any CPU.ActiveCfg = Debug|Any CPU
		{487DA027-5F2B-4433-9AD4-4A65F5053AEE}.Debug|Any CPU.Build.0 = Debug|Any CPU
		{487DA027-5F2B-4433-9AD4-4A65F5053AEE}.Release|Any CPU.ActiveCfg = Release|Any CPU
		{487DA027-5F2B-4433-9AD4-4A65F5053AEE}.Release|Any CPU.Build.0 = Release|Any CPU
		{2FDD3611-6B4A-4932-97A3-A1EC6ECC5956}.Debug|Any CPU.ActiveCfg = Debug|Any CPU
		{2FDD3611-6B4A-4932-97A3-A1EC6ECC5956}.Debug|Any CPU.Build.0 = Debug|Any CPU
		{2FDD3611-6B4A-4932-97A3-A1EC6ECC5956}.Release|Any CPU.ActiveCfg = Release|Any CPU
		{2FDD3611-6B4A-4932-97A3-A1EC6ECC5956}.Release|Any CPU.Build.0 = Release|Any CPU
		{D7264980-596C-4923-AE61-D76A359AD1CD}.Debug|Any CPU.ActiveCfg = Debug|Any CPU
		{D7264980-596C-4923-AE61-D76A359AD1CD}.Debug|Any CPU.Build.0 = Debug|Any CPU
		{D7264980-596C-4923-AE61-D76A359AD1CD}.Release|Any CPU.ActiveCfg = Release|Any CPU
		{D7264980-596C-4923-AE61-D76A359AD1CD}.Release|Any CPU.Build.0 = Release|Any CPU
		{7DD2F60D-15A1-4551-AC17-24A650FEE855}.Debug|Any CPU.ActiveCfg = Debug|Any CPU
		{7DD2F60D-15A1-4551-AC17-24A650FEE855}.Debug|Any CPU.Build.0 = Debug|Any CPU
		{7DD2F60D-15A1-4551-AC17-24A650FEE855}.Release|Any CPU.ActiveCfg = Release|Any CPU
		{7DD2F60D-15A1-4551-AC17-24A650FEE855}.Release|Any CPU.Build.0 = Release|Any CPU
	EndGlobalSection
	GlobalSection(SolutionProperties) = preSolution
		HideSolutionNode = FALSE
	EndGlobalSection
	GlobalSection(ExtensibilityGlobals) = postSolution
		SolutionGuid = {BD9D8F00-2729-4B50-95FD-286D2CC1018E}
	EndGlobalSection
EndGlobal
